
Microsoft Visual Studio Solution File, Format Version 12.00
# Visual Studio Version 17
VisualStudioVersion = 17.11.35431.28
MinimumVisualStudioVersion = 10.0.40219.1
Project("{9A19103F-16F7-4668-BE54-9A1E7A4F7556}") = "EmployeeAPI", "EmployeeAPI\EmployeeAPI.csproj", "{AF26F87A-9FEA-4F80-86B3-5E85421E8A4D}"
EndProject
Global
	GlobalSection(SolutionConfigurationPlatforms) = preSolution
		Debug|Any CPU = Debug|Any CPU
		Release|Any CPU = Release|Any CPU
	EndGlobalSection
	GlobalSection(ProjectConfigurationPlatforms) = postSolution
		{AF26F87A-9FEA-4F80-86B3-5E85421E8A4D}.Debug|Any CPU.ActiveCfg = Debug|Any CPU
		{AF26F87A-9FEA-4F80-86B3-5E85421E8A4D}.Debug|Any CPU.Build.0 = Debug|Any CPU
		{AF26F87A-9FEA-4F80-86B3-5E85421E8A4D}.Release|Any CPU.ActiveCfg = Release|Any CPU
		{AF26F87A-9FEA-4F80-86B3-5E85421E8A4D}.Release|Any CPU.Build.0 = Release|Any CPU
	EndGlobalSection
	GlobalSection(SolutionProperties) = preSolution
		HideSolutionNode = FALSE
	EndGlobalSection
	GlobalSection(ExtensibilityGlobals) = postSolution
		SolutionGuid = {EDFA734F-4B56-4A24-8FF6-2771E5AD7870}
	EndGlobalSection
EndGlobal
